
Microsoft Visual Studio Solution File, Format Version 12.00
# Visual Studio Version 16
VisualStudioVersion = 16.0.30907.101
MinimumVisualStudioVersion = 10.0.40219.1
Project("{FAE04EC0-301F-11D3-BF4B-00C04F79EFBC}") = "GameCenter", "GameCenter\GameCenter.csproj", "{F5B238AB-0E2E-4B85-B3E3-25302628502B}"
EndProject
Global
	GlobalSection(SolutionConfigurationPlatforms) = preSolution
		Debug|Any CPU = Debug|Any CPU
		Release|Any CPU = Release|Any CPU
	EndGlobalSection
	GlobalSection(ProjectConfigurationPlatforms) = postSolution
		{F5B238AB-0E2E-4B85-B3E3-25302628502B}.Debug|Any CPU.ActiveCfg = Debug|Any CPU
		{F5B238AB-0E2E-4B85-B3E3-25302628502B}.Debug|Any CPU.Build.0 = Debug|Any CPU
		{F5B238AB-0E2E-4B85-B3E3-25302628502B}.Release|Any CPU.ActiveCfg = Release|Any CPU
		{F5B238AB-0E2E-4B85-B3E3-25302628502B}.Release|Any CPU.Build.0 = Release|Any CPU
	EndGlobalSection
	GlobalSection(SolutionProperties) = preSolution
		HideSolutionNode = FALSE
	EndGlobalSection
	GlobalSection(ExtensibilityGlobals) = postSolution
		SolutionGuid = {A4861963-AB15-41FA-BB11-871888A5C0D5}
	EndGlobalSection
EndGlobal
